
Microsoft Visual Studio Solution File, Format Version 12.00
# Visual Studio Version 17
VisualStudioVersion = 17.9.34728.123
MinimumVisualStudioVersion = 10.0.40219.1
Project("{8BC9CEB8-8B4A-11D0-8D11-00A0C91BC942}") = "file-search", "file-search.vcxproj", "{F011DDD7-A7F2-4108-848F-6AB4019E7221}"
EndProject
Global
	GlobalSection(SolutionConfigurationPlatforms) = preSolution
		Debug|x64 = Debug|x64
		Debug|x86 = Debug|x86
		Release|x64 = Release|x64
		Release|x86 = Release|x86
	EndGlobalSection
	GlobalSection(ProjectConfigurationPlatforms) = postSolution
		{F011DDD7-A7F2-4108-848F-6AB4019E7221}.Debug|x64.ActiveCfg = Debug|x64
		{F011DDD7-A7F2-4108-848F-6AB4019E7221}.Debug|x64.Build.0 = Debug|x64
		{F011DDD7-A7F2-4108-848F-6AB4019E7221}.Debug|x86.ActiveCfg = Debug|Win32
		{F011DDD7-A7F2-4108-848F-6AB4019E7221}.Debug|x86.Build.0 = Debug|Win32
		{F011DDD7-A7F2-4108-848F-6AB4019E7221}.Release|x64.ActiveCfg = Release|x64
		{F011DDD7-A7F2-4108-848F-6AB4019E7221}.Release|x64.Build.0 = Release|x64
		{F011DDD7-A7F2-4108-848F-6AB4019E7221}.Release|x86.ActiveCfg = Release|Win32
		{F011DDD7-A7F2-4108-848F-6AB4019E7221}.Release|x86.Build.0 = Release|Win32
	EndGlobalSection
	GlobalSection(SolutionProperties) = preSolution
		HideSolutionNode = FALSE
	EndGlobalSection
	GlobalSection(ExtensibilityGlobals) = postSolution
		SolutionGuid = {2C43D8D4-B25E-4B99-A2DE-F2A3E14977D8}
	EndGlobalSection
EndGlobal
